{
  "name": "dsp",
  "lockfileVersion": 2,
  "requires": true,
  "packages": {
    "": {
      "dependencies": {
        "@assemblyscript/loader": "^0.19.7"
      },
      "devDependencies": {
        "assemblyscript": "^0.19.7"
      }
    },
    "node_modules/@assemblyscript/loader": {
      "version": "0.19.8",
      "resolved": "https://registry.npmjs.org/@assemblyscript/loader/-/loader-0.19.8.tgz",
      "integrity": "sha512-aOfjp83RSGxxoAS4PbORlxMU0z9i2cWetQwhEKBMoP5dlXFKXAIU0AafO2EM5NiNQXPwRmrkiXEsh08bm2fiVg=="
    },
    "node_modules/assemblyscript": {
      "version": "0.19.8",
      "resolved": "https://registry.npmjs.org/assemblyscript/-/assemblyscript-0.19.8.tgz",
      "integrity": "sha512-lXJHNbp9mQV8pG+l7SPBSeeLNvXbqD5l0AkJTj1xX0FMaU2QqlelIziZB7pXzgC1OQZEPXYAKKSDHWmg69ieGQ==",
      "dev": true,
      "dependencies": {
        "binaryen": "101.0.0-nightly.20210723",
        "long": "^4.0.0"
      },
      "bin": {
        "asc": "bin/asc",
        "asinit": "bin/asinit"
      },
      "funding": {
        "type": "opencollective",
        "url": "https://opencollective.com/assemblyscript"
      }
    },
    "node_modules/binaryen": {
      "version": "101.0.0-nightly.20210723",
      "resolved": "https://registry.npmjs.org/binaryen/-/binaryen-101.0.0-nightly.20210723.tgz",
      "integrity": "sha512-eioJNqhHlkguVSbblHOtLqlhtC882SOEPKmNFZaDuz1hzQjolxZ+eu3/kaS10n3sGPONsIZsO7R9fR00UyhEUA==",
      "dev": true,
      "bin": {
        "wasm-opt": "bin/wasm-opt"
      }
    },
    "node_modules/long": {
      "version": "4.0.0",
      "resolved": "https://registry.npmjs.org/long/-/long-4.0.0.tgz",
      "integrity": "sha512-XsP+KhQif4bjX1kbuSiySJFNAehNxgLb6hPRGJ9QsUr8ajHkuXGdrHmFUTUUXhDwVX2R5bY4JNZEwbUiMhV+MA==",
      "dev": true
    }
  },
  "dependencies": {
    "@assemblyscript/loader": {
      "version": "0.19.8",
      "resolved": "https://registry.npmjs.org/@assemblyscript/loader/-/loader-0.19.8.tgz",
      "integrity": "sha512-aOfjp83RSGxxoAS4PbORlxMU0z9i2cWetQwhEKBMoP5dlXFKXAIU0AafO2EM5NiNQXPwRmrkiXEsh08bm2fiVg=="
    },
    "assemblyscript": {
      "version": "0.19.8",
      "resolved": "https://registry.npmjs.org/assemblyscript/-/assemblyscript-0.19.8.tgz",
      "integrity": "sha512-lXJHNbp9mQV8pG+l7SPBSeeLNvXbqD5l0AkJTj1xX0FMaU2QqlelIziZB7pXzgC1OQZEPXYAKKSDHWmg69ieGQ==",
      "dev": true,
      "requires": {
        "binaryen": "101.0.0-nightly.20210723",
        "long": "^4.0.0"
      }
    },
    "binaryen": {
      "version": "101.0.0-nightly.20210723",
      "resolved": "https://registry.npmjs.org/binaryen/-/binaryen-101.0.0-nightly.20210723.tgz",
      "integrity": "sha512-eioJNqhHlkguVSbblHOtLqlhtC882SOEPKmNFZaDuz1hzQjolxZ+eu3/kaS10n3sGPONsIZsO7R9fR00UyhEUA==",
      "dev": true
    },
    "long": {
      "version": "4.0.0",
      "resolved": "https://registry.npmjs.org/long/-/long-4.0.0.tgz",
      "integrity": "sha512-XsP+KhQif4bjX1kbuSiySJFNAehNxgLb6hPRGJ9QsUr8ajHkuXGdrHmFUTUUXhDwVX2R5bY4JNZEwbUiMhV+MA==",
      "dev": true
    }
  }
}
